github.com/rivo/uniseg v0.4.4 h1:8TfxU8dW6PdqD27gjM8MVNuicgxIjxpm4K7x4jp8sis=
github.com/rivo/uniseg v0.4.4/go.mod h1:FN3SvrM+Zdj16jyLfmOkMNblXMcoc8DfTHruCPUcx88=
github.com/veandco/go-sdl2 v0.4.35 h1:NohzsfageDWGtCd9nf7Pc3sokMK/MOK+UA2QMJARWzQ=
github.com/veandco/go-sdl2 v0.4.35/go.mod h1:OROqMhHD43nT4/i9crJukyVecjPNYYuCofep6SNiAjY=
